
Microsoft Visual Studio Solution File, Format Version 12.00
# Visual Studio Version 17
VisualStudioVersion = 17.1.32210.238
MinimumVisualStudioVersion = 10.0.40219.1
Project("{9A19103F-16F7-4668-BE54-9A1E7A4F7556}") = "movies_catalogue", "movies_catalogue\movies_catalogue.csproj", "{444E9D56-431F-4D34-84E0-ABA16C59560E}"
EndProject
Global
	GlobalSection(SolutionConfigurationPlatforms) = preSolution
		Debug|Any CPU = Debug|Any CPU
		Release|Any CPU = Release|Any CPU
	EndGlobalSection
	GlobalSection(ProjectConfigurationPlatforms) = postSolution
		{444E9D56-431F-4D34-84E0-ABA16C59560E}.Debug|Any CPU.ActiveCfg = Debug|Any CPU
		{444E9D56-431F-4D34-84E0-ABA16C59560E}.Debug|Any CPU.Build.0 = Debug|Any CPU
		{444E9D56-431F-4D34-84E0-ABA16C59560E}.Release|Any CPU.ActiveCfg = Release|Any CPU
		{444E9D56-431F-4D34-84E0-ABA16C59560E}.Release|Any CPU.Build.0 = Release|Any CPU
	EndGlobalSection
	GlobalSection(SolutionProperties) = preSolution
		HideSolutionNode = FALSE
	EndGlobalSection
	GlobalSection(ExtensibilityGlobals) = postSolution
		SolutionGuid = {4C42C875-4843-44E5-AC23-D65B621A6269}
	EndGlobalSection
EndGlobal
